
Microsoft Visual Studio Solution File, Format Version 12.00
# Visual Studio Version 17
VisualStudioVersion = 17.13.35825.156 d17.13
MinimumVisualStudioVersion = 10.0.40219.1
Project("{FAE04EC0-301F-11D3-BF4B-00C04F79EFBC}") = "StaticWebpage", "StaticWebpage\StaticWebpage.csproj", "{BA556591-BDC7-4E9F-9C69-472EB2EFCA9B}"
EndProject
Global
	GlobalSection(SolutionConfigurationPlatforms) = preSolution
		Debug|Any CPU = Debug|Any CPU
		Release|Any CPU = Release|Any CPU
	EndGlobalSection
	GlobalSection(ProjectConfigurationPlatforms) = postSolution
		{BA556591-BDC7-4E9F-9C69-472EB2EFCA9B}.Debug|Any CPU.ActiveCfg = Debug|Any CPU
		{BA556591-BDC7-4E9F-9C69-472EB2EFCA9B}.Debug|Any CPU.Build.0 = Debug|Any CPU
		{BA556591-BDC7-4E9F-9C69-472EB2EFCA9B}.Release|Any CPU.ActiveCfg = Release|Any CPU
		{BA556591-BDC7-4E9F-9C69-472EB2EFCA9B}.Release|Any CPU.Build.0 = Release|Any CPU
	EndGlobalSection
	GlobalSection(SolutionProperties) = preSolution
		HideSolutionNode = FALSE
	EndGlobalSection
	GlobalSection(ExtensibilityGlobals) = postSolution
		SolutionGuid = {93777DE9-02B0-463D-91C9-8AAF78EF6B44}
	EndGlobalSection
EndGlobal
